
Microsoft Visual Studio Solution File, Format Version 12.00
# Visual Studio Version 16
VisualStudioVersion = 16.0.30621.155
MinimumVisualStudioVersion = 10.0.40219.1
Project("{FAE04EC0-301F-11D3-BF4B-00C04F79EFBC}") = "WebApiBoostrapper", "WebApiBoostrapper\WebApiBoostrapper.csproj", "{261C62C4-9526-4B06-8DDA-9F02A34C2234}"
EndProject
Global
	GlobalSection(SolutionConfigurationPlatforms) = preSolution
		Debug|Any CPU = Debug|Any CPU
		Release|Any CPU = Release|Any CPU
	EndGlobalSection
	GlobalSection(ProjectConfigurationPlatforms) = postSolution
		{261C62C4-9526-4B06-8DDA-9F02A34C2234}.Debug|Any CPU.ActiveCfg = Debug|Any CPU
		{261C62C4-9526-4B06-8DDA-9F02A34C2234}.Debug|Any CPU.Build.0 = Debug|Any CPU
		{261C62C4-9526-4B06-8DDA-9F02A34C2234}.Release|Any CPU.ActiveCfg = Release|Any CPU
		{261C62C4-9526-4B06-8DDA-9F02A34C2234}.Release|Any CPU.Build.0 = Release|Any CPU
	EndGlobalSection
	GlobalSection(SolutionProperties) = preSolution
		HideSolutionNode = FALSE
	EndGlobalSection
	GlobalSection(ExtensibilityGlobals) = postSolution
		SolutionGuid = {10DF2481-9DA4-44F3-84C0-2A547EE3CC10}
	EndGlobalSection
EndGlobal
